
Microsoft Visual Studio Solution File, Format Version 12.00
# Visual Studio Version 17
VisualStudioVersion = 17.10.35027.167
MinimumVisualStudioVersion = 10.0.40219.1
Project("{2150E333-8FDC-42A3-9474-1A3956D46DE8}") = "src", "src", "{468BAA0B-EFB6-4894-84F6-2842FA9ABF45}"
EndProject
Project("{2150E333-8FDC-42A3-9474-1A3956D46DE8}") = "Tests", "Tests", "{D17805B7-0B54-432E-A67F-D65FCBBFF2C3}"
EndProject
Project("{2150E333-8FDC-42A3-9474-1A3956D46DE8}") = "BuildingBlocks", "BuildingBlocks", "{D5815C7A-365D-4A36-956B-D7946AE6F070}"
EndProject
Project("{2150E333-8FDC-42A3-9474-1A3956D46DE8}") = "Services", "Services", "{1422455B-23C5-4F35-8DB7-C54EB950E7F2}"
EndProject
Project("{2150E333-8FDC-42A3-9474-1A3956D46DE8}") = "Consumers", "Consumers", "{1636C678-DC25-4A65-9C46-CC525AC8F55C}"
EndProject
Project("{2150E333-8FDC-42A3-9474-1A3956D46DE8}") = "Producers", "Producers", "{D5B808F0-5084-403F-98F0-4CDDBD34004E}"
EndProject
Project("{2150E333-8FDC-42A3-9474-1A3956D46DE8}") = "Core", "Core", "{1AB75A8C-6AEC-4CA9-8F72-043BA0C2DC4D}"
EndProject
Project("{2150E333-8FDC-42A3-9474-1A3956D46DE8}") = "Infra", "Infra", "{F3303A13-5632-4739-A5B4-A12CE7DC6874}"
EndProject
Project("{2150E333-8FDC-42A3-9474-1A3956D46DE8}") = "Services", "Services", "{A3643C39-F822-44B3-96E3-FE2CB5AB324D}"
EndProject
Project("{9A19103F-16F7-4668-BE54-9A1E7A4F7556}") = "HM.Core", "HM.Core\HM.Core.csproj", "{4B6F2803-CC4A-48A4-83C1-A51F701A0EA1}"
EndProject
Project("{9A19103F-16F7-4668-BE54-9A1E7A4F7556}") = "HM.MessageBus", "HM.MessageBus\HM.MessageBus.csproj", "{A45B154B-3855-4182-93FC-F8BE8B69C0DF}"
EndProject
Project("{9A19103F-16F7-4668-BE54-9A1E7A4F7556}") = "HM.WebAPI.Core", "HM.WebAPI.Core\HM.WebAPI.Core.csproj", "{F6671463-8461-480B-A3CF-468DF61A5892}"
EndProject
Project("{9A19103F-16F7-4668-BE54-9A1E7A4F7556}") = "HM.API", "HM.API\HM.API.csproj", "{6FAED971-C133-4AF4-89C2-BEAB4098A7B6}"
EndProject
Project("{9A19103F-16F7-4668-BE54-9A1E7A4F7556}") = "HM.Domain", "HM.Domain\HM.Domain.csproj", "{6CC27855-1321-44DD-847C-7A158A4E7B5E}"
EndProject
Project("{9A19103F-16F7-4668-BE54-9A1E7A4F7556}") = "HM.Infrastructure", "HM.Infrastructure\HM.Infrastructure.csproj", "{2E107E80-AF8F-41F8-A810-9AF3C8E5AC0A}"
EndProject
Global
	GlobalSection(SolutionConfigurationPlatforms) = preSolution
		Debug|Any CPU = Debug|Any CPU
		Release|Any CPU = Release|Any CPU
	EndGlobalSection
	GlobalSection(ProjectConfigurationPlatforms) = postSolution
		{4B6F2803-CC4A-48A4-83C1-A51F701A0EA1}.Debug|Any CPU.ActiveCfg = Debug|Any CPU
		{4B6F2803-CC4A-48A4-83C1-A51F701A0EA1}.Debug|Any CPU.Build.0 = Debug|Any CPU
		{4B6F2803-CC4A-48A4-83C1-A51F701A0EA1}.Release|Any CPU.ActiveCfg = Release|Any CPU
		{4B6F2803-CC4A-48A4-83C1-A51F701A0EA1}.Release|Any CPU.Build.0 = Release|Any CPU
		{A45B154B-3855-4182-93FC-F8BE8B69C0DF}.Debug|Any CPU.ActiveCfg = Debug|Any CPU
		{A45B154B-3855-4182-93FC-F8BE8B69C0DF}.Debug|Any CPU.Build.0 = Debug|Any CPU
		{A45B154B-3855-4182-93FC-F8BE8B69C0DF}.Release|Any CPU.ActiveCfg = Release|Any CPU
		{A45B154B-3855-4182-93FC-F8BE8B69C0DF}.Release|Any CPU.Build.0 = Release|Any CPU
		{F6671463-8461-480B-A3CF-468DF61A5892}.Debug|Any CPU.ActiveCfg = Debug|Any CPU
		{F6671463-8461-480B-A3CF-468DF61A5892}.Debug|Any CPU.Build.0 = Debug|Any CPU
		{F6671463-8461-480B-A3CF-468DF61A5892}.Release|Any CPU.ActiveCfg = Release|Any CPU
		{F6671463-8461-480B-A3CF-468DF61A5892}.Release|Any CPU.Build.0 = Release|Any CPU
		{6FAED971-C133-4AF4-89C2-BEAB4098A7B6}.Debug|Any CPU.ActiveCfg = Debug|Any CPU
		{6FAED971-C133-4AF4-89C2-BEAB4098A7B6}.Debug|Any CPU.Build.0 = Debug|Any CPU
		{6FAED971-C133-4AF4-89C2-BEAB4098A7B6}.Release|Any CPU.ActiveCfg = Release|Any CPU
		{6FAED971-C133-4AF4-89C2-BEAB4098A7B6}.Release|Any CPU.Build.0 = Release|Any CPU
		{6CC27855-1321-44DD-847C-7A158A4E7B5E}.Debug|Any CPU.ActiveCfg = Debug|Any CPU
		{6CC27855-1321-44DD-847C-7A158A4E7B5E}.Debug|Any CPU.Build.0 = Debug|Any CPU
		{6CC27855-1321-44DD-847C-7A158A4E7B5E}.Release|Any CPU.ActiveCfg = Release|Any CPU
		{6CC27855-1321-44DD-847C-7A158A4E7B5E}.Release|Any CPU.Build.0 = Release|Any CPU
		{2E107E80-AF8F-41F8-A810-9AF3C8E5AC0A}.Debug|Any CPU.ActiveCfg = Debug|Any CPU
		{2E107E80-AF8F-41F8-A810-9AF3C8E5AC0A}.Debug|Any CPU.Build.0 = Debug|Any CPU
		{2E107E80-AF8F-41F8-A810-9AF3C8E5AC0A}.Release|Any CPU.ActiveCfg = Release|Any CPU
		{2E107E80-AF8F-41F8-A810-9AF3C8E5AC0A}.Release|Any CPU.Build.0 = Release|Any CPU
	EndGlobalSection
	GlobalSection(SolutionProperties) = preSolution
		HideSolutionNode = FALSE
	EndGlobalSection
	GlobalSection(NestedProjects) = preSolution
		{D5815C7A-365D-4A36-956B-D7946AE6F070} = {468BAA0B-EFB6-4894-84F6-2842FA9ABF45}
		{1422455B-23C5-4F35-8DB7-C54EB950E7F2} = {468BAA0B-EFB6-4894-84F6-2842FA9ABF45}
		{1636C678-DC25-4A65-9C46-CC525AC8F55C} = {1422455B-23C5-4F35-8DB7-C54EB950E7F2}
		{D5B808F0-5084-403F-98F0-4CDDBD34004E} = {1422455B-23C5-4F35-8DB7-C54EB950E7F2}
		{1AB75A8C-6AEC-4CA9-8F72-043BA0C2DC4D} = {D5815C7A-365D-4A36-956B-D7946AE6F070}
		{F3303A13-5632-4739-A5B4-A12CE7DC6874} = {D5815C7A-365D-4A36-956B-D7946AE6F070}
		{A3643C39-F822-44B3-96E3-FE2CB5AB324D} = {D5815C7A-365D-4A36-956B-D7946AE6F070}
		{4B6F2803-CC4A-48A4-83C1-A51F701A0EA1} = {1AB75A8C-6AEC-4CA9-8F72-043BA0C2DC4D}
		{A45B154B-3855-4182-93FC-F8BE8B69C0DF} = {F3303A13-5632-4739-A5B4-A12CE7DC6874}
		{F6671463-8461-480B-A3CF-468DF61A5892} = {A3643C39-F822-44B3-96E3-FE2CB5AB324D}
		{6FAED971-C133-4AF4-89C2-BEAB4098A7B6} = {1636C678-DC25-4A65-9C46-CC525AC8F55C}
		{6CC27855-1321-44DD-847C-7A158A4E7B5E} = {1636C678-DC25-4A65-9C46-CC525AC8F55C}
		{2E107E80-AF8F-41F8-A810-9AF3C8E5AC0A} = {1636C678-DC25-4A65-9C46-CC525AC8F55C}
	EndGlobalSection
	GlobalSection(ExtensibilityGlobals) = postSolution
		SolutionGuid = {9E5DCB2C-FC20-46EF-88DE-2A4FB54B4D44}
	EndGlobalSection
EndGlobal
